
Microsoft Visual Studio Solution File, Format Version 12.00
# Visual Studio 2013
VisualStudioVersion = 12.0.0.0
MinimumVisualStudioVersion = 10.0.0.1
Project("{FAE04EC0-301F-11D3-BF4B-00C04F79EFBC}") = "HareDu", "HareDu/HareDu.csproj", "{2C03CC43-9B6D-477C-9887-AC0C16CB7BC3}"
EndProject
Project("{FAE04EC0-301F-11D3-BF4B-00C04F79EFBC}") = "HareDu.Tests", "HareDu.Tests\HareDu.Tests.csproj", "{61B909EC-C3E9-4E7A-BBB5-CED0E2739282}"
EndProject
Project("{FAE04EC0-301F-11D3-BF4B-00C04F79EFBC}") = "HareDu.Core", "HareDu.Core\HareDu.Core.csproj", "{73ECC101-15B3-4AF8-AC89-2CEA660944F2}"
EndProject
Project("{FAE04EC0-301F-11D3-BF4B-00C04F79EFBC}") = "HareDu.Core.Tests", "HareDu.Core.Tests\HareDu.Core.Tests.csproj", "{AFA96139-B160-4D89-9B42-C0C24EFA207A}"
EndProject
Project("{2150E333-8FDC-42A3-9474-1A3956D46DE8}") = "IntegrationTesting", "IntegrationTesting", "{C052B545-549B-46FD-8366-8CD5FBB99C6E}"
EndProject
Project("{FAE04EC0-301F-11D3-BF4B-00C04F79EFBC}") = "HareDu.IntegrationTesting.Core", "IntegrationTesting\HareDu.IntegrationTesting.Core\HareDu.IntegrationTesting.Core.csproj", "{54183AB0-9D40-4897-AB03-7090B1B6E4E5}"
EndProject
Project("{FAE04EC0-301F-11D3-BF4B-00C04F79EFBC}") = "HareDu.IntegrationTesting.Consumer", "IntegrationTesting\HareDu.IntegrationTesting.Consumer\HareDu.IntegrationTesting.Consumer.csproj", "{14CB5CB0-459D-46D7-8112-FC2818DE8C15}"
EndProject
Project("{FAE04EC0-301F-11D3-BF4B-00C04F79EFBC}") = "HareDu.IntegrationTesting.Publisher", "IntegrationTesting\HareDu.IntegrationTesting.Publisher\HareDu.IntegrationTesting.Publisher.csproj", "{12F18101-BC78-468E-987F-78F3BBD3C522}"
EndProject
Project("{2150E333-8FDC-42A3-9474-1A3956D46DE8}") = "Containers", "Containers", "{E7626643-0782-4ED0-A54C-AA4AAF377B3C}"
EndProject
Project("{FAE04EC0-301F-11D3-BF4B-00C04F79EFBC}") = "HareDu.AutofacIntegration", "Containers\HareDu.AutofacIntegration\HareDu.AutofacIntegration.csproj", "{C9FD4379-156A-4389-9E6A-1CBA9E78D4E1}"
EndProject
Project("{FAE04EC0-301F-11D3-BF4B-00C04F79EFBC}") = "HareDu.Diagnostics", "HareDu.Diagnostics\HareDu.Diagnostics.csproj", "{FBB31CDB-26FB-45BE-B36B-1E1B9B16A20A}"
EndProject
Project("{FAE04EC0-301F-11D3-BF4B-00C04F79EFBC}") = "HareDu.Diagnostics.Tests", "HareDu.Diagnostics.Tests\HareDu.Diagnostics.Tests.csproj", "{58DCB2BB-B2EE-4765-9CC1-AA7DB43AF6D6}"
EndProject
Project("{FAE04EC0-301F-11D3-BF4B-00C04F79EFBC}") = "HareDu.Snapshotting", "HareDu.Snapshotting\HareDu.Snapshotting.csproj", "{FB663C3D-6C2E-4CD1-8AA2-9D9DF1F63134}"
EndProject
Project("{FAE04EC0-301F-11D3-BF4B-00C04F79EFBC}") = "HareDu.Snapshotting.Tests", "HareDu.Snapshotting.Tests\HareDu.Snapshotting.Tests.csproj", "{9B2895CC-D53B-49E8-81F2-549FEC89F6C1}"
EndProject
Project("{FAE04EC0-301F-11D3-BF4B-00C04F79EFBC}") = "HareDu.IntegrationTesting.Diagnostics", "IntegrationTesting\HareDu.IntegrationTesting.Diagnostics\HareDu.IntegrationTesting.Diagnostics.csproj", "{A33FA6A6-C1B0-4FA8-B24F-DDA9A03A830B}"
EndProject
Project("{FAE04EC0-301F-11D3-BF4B-00C04F79EFBC}") = "HareDu.Shovel", "HareDu.Shovel\HareDu.Shovel.csproj", "{468BC7FF-CDC7-4BEB-B3D7-5EBAF6E81CC0}"
EndProject
Project("{FAE04EC0-301F-11D3-BF4B-00C04F79EFBC}") = "HareDu.Shovel.Tests", "HareDu.Shovel.Tests\HareDu.Shovel.Tests.csproj", "{D66E4163-37F3-4D7D-A5FA-A0AA30576173}"
EndProject
Project("{2150E333-8FDC-42A3-9474-1A3956D46DE8}") = "Examples", "Examples", "{1122035F-6901-4855-961E-BF606CB9B19D}"
EndProject
Project("{FAE04EC0-301F-11D3-BF4B-00C04F79EFBC}") = "HareDu.Examples", "Examples\HareDu.Examples\HareDu.Examples.csproj", "{E0377BB7-0ED4-4C9C-B595-9E45DEAABCD5}"
EndProject
Project("{FAE04EC0-301F-11D3-BF4B-00C04F79EFBC}") = "HareDu.IntegrationTesting.Snapshots", "IntegrationTesting\HareDu.IntegrationTesting.Snapshots\HareDu.IntegrationTesting.Snapshots.csproj", "{40F339C4-9CCA-43D4-88CB-96E8CA979A71}"
EndProject
Project("{FAE04EC0-301F-11D3-BF4B-00C04F79EFBC}") = "HareDu.IntegrationTesting.BrokerObjects", "IntegrationTesting\HareDu.IntegrationTesting.BrokerObjects\HareDu.IntegrationTesting.BrokerObjects.csproj", "{5ABF8C59-F245-40C0-B74C-88088C67F64D}"
EndProject
Project("{FAE04EC0-301F-11D3-BF4B-00C04F79EFBC}") = "HareDu.CoreIntegration", "Containers\HareDu.CoreIntegration\HareDu.CoreIntegration.csproj", "{0887B628-CD51-4977-A7FE-31010BDD4F1A}"
EndProject
Project("{FAE04EC0-301F-11D3-BF4B-00C04F79EFBC}") = "HareDu.Scheduling", "HareDu.Scheduling\HareDu.Scheduling.csproj", "{DFACE82B-B8EF-4984-AA3F-FFF799207BEF}"
EndProject
Project("{FAE04EC0-301F-11D3-BF4B-00C04F79EFBC}") = "HareDu.PrometheusIntegration", "HareDu.PrometheusIntegration\HareDu.PrometheusIntegration.csproj", "{174D97B7-34A0-4828-9C4E-D2A07F5BC2FC}"
EndProject
Project("{2150E333-8FDC-42A3-9474-1A3956D46DE8}") = "Testing", "Testing", "{50179AC8-44E5-4AEA-8A77-C33AC5EFA922}"
EndProject
Global
	GlobalSection(SolutionConfigurationPlatforms) = preSolution
		Debug|Any CPU = Debug|Any CPU
		Release|Any CPU = Release|Any CPU
	EndGlobalSection
	GlobalSection(ProjectConfigurationPlatforms) = postSolution
		{2C03CC43-9B6D-477C-9887-AC0C16CB7BC3}.Debug|Any CPU.ActiveCfg = Debug|Any CPU
		{2C03CC43-9B6D-477C-9887-AC0C16CB7BC3}.Debug|Any CPU.Build.0 = Debug|Any CPU
		{2C03CC43-9B6D-477C-9887-AC0C16CB7BC3}.Release|Any CPU.ActiveCfg = Release|Any CPU
		{2C03CC43-9B6D-477C-9887-AC0C16CB7BC3}.Release|Any CPU.Build.0 = Release|Any CPU
		{61B909EC-C3E9-4E7A-BBB5-CED0E2739282}.Debug|Any CPU.ActiveCfg = Debug|Any CPU
		{61B909EC-C3E9-4E7A-BBB5-CED0E2739282}.Debug|Any CPU.Build.0 = Debug|Any CPU
		{61B909EC-C3E9-4E7A-BBB5-CED0E2739282}.Release|Any CPU.ActiveCfg = Release|Any CPU
		{61B909EC-C3E9-4E7A-BBB5-CED0E2739282}.Release|Any CPU.Build.0 = Release|Any CPU
		{73ECC101-15B3-4AF8-AC89-2CEA660944F2}.Debug|Any CPU.ActiveCfg = Debug|Any CPU
		{73ECC101-15B3-4AF8-AC89-2CEA660944F2}.Debug|Any CPU.Build.0 = Debug|Any CPU
		{73ECC101-15B3-4AF8-AC89-2CEA660944F2}.Release|Any CPU.ActiveCfg = Release|Any CPU
		{73ECC101-15B3-4AF8-AC89-2CEA660944F2}.Release|Any CPU.Build.0 = Release|Any CPU
		{AFA96139-B160-4D89-9B42-C0C24EFA207A}.Debug|Any CPU.ActiveCfg = Debug|Any CPU
		{AFA96139-B160-4D89-9B42-C0C24EFA207A}.Debug|Any CPU.Build.0 = Debug|Any CPU
		{AFA96139-B160-4D89-9B42-C0C24EFA207A}.Release|Any CPU.ActiveCfg = Release|Any CPU
		{AFA96139-B160-4D89-9B42-C0C24EFA207A}.Release|Any CPU.Build.0 = Release|Any CPU
		{54183AB0-9D40-4897-AB03-7090B1B6E4E5}.Debug|Any CPU.ActiveCfg = Debug|Any CPU
		{54183AB0-9D40-4897-AB03-7090B1B6E4E5}.Debug|Any CPU.Build.0 = Debug|Any CPU
		{54183AB0-9D40-4897-AB03-7090B1B6E4E5}.Release|Any CPU.ActiveCfg = Release|Any CPU
		{54183AB0-9D40-4897-AB03-7090B1B6E4E5}.Release|Any CPU.Build.0 = Release|Any CPU
		{14CB5CB0-459D-46D7-8112-FC2818DE8C15}.Debug|Any CPU.ActiveCfg = Debug|Any CPU
		{14CB5CB0-459D-46D7-8112-FC2818DE8C15}.Debug|Any CPU.Build.0 = Debug|Any CPU
		{14CB5CB0-459D-46D7-8112-FC2818DE8C15}.Release|Any CPU.ActiveCfg = Release|Any CPU
		{14CB5CB0-459D-46D7-8112-FC2818DE8C15}.Release|Any CPU.Build.0 = Release|Any CPU
		{12F18101-BC78-468E-987F-78F3BBD3C522}.Debug|Any CPU.ActiveCfg = Debug|Any CPU
		{12F18101-BC78-468E-987F-78F3BBD3C522}.Debug|Any CPU.Build.0 = Debug|Any CPU
		{12F18101-BC78-468E-987F-78F3BBD3C522}.Release|Any CPU.ActiveCfg = Release|Any CPU
		{12F18101-BC78-468E-987F-78F3BBD3C522}.Release|Any CPU.Build.0 = Release|Any CPU
		{C9FD4379-156A-4389-9E6A-1CBA9E78D4E1}.Debug|Any CPU.ActiveCfg = Debug|Any CPU
		{C9FD4379-156A-4389-9E6A-1CBA9E78D4E1}.Debug|Any CPU.Build.0 = Debug|Any CPU
		{C9FD4379-156A-4389-9E6A-1CBA9E78D4E1}.Release|Any CPU.ActiveCfg = Release|Any CPU
		{C9FD4379-156A-4389-9E6A-1CBA9E78D4E1}.Release|Any CPU.Build.0 = Release|Any CPU
		{FBB31CDB-26FB-45BE-B36B-1E1B9B16A20A}.Debug|Any CPU.ActiveCfg = Debug|Any CPU
		{FBB31CDB-26FB-45BE-B36B-1E1B9B16A20A}.Debug|Any CPU.Build.0 = Debug|Any CPU
		{FBB31CDB-26FB-45BE-B36B-1E1B9B16A20A}.Release|Any CPU.ActiveCfg = Release|Any CPU
		{FBB31CDB-26FB-45BE-B36B-1E1B9B16A20A}.Release|Any CPU.Build.0 = Release|Any CPU
		{58DCB2BB-B2EE-4765-9CC1-AA7DB43AF6D6}.Debug|Any CPU.ActiveCfg = Debug|Any CPU
		{58DCB2BB-B2EE-4765-9CC1-AA7DB43AF6D6}.Debug|Any CPU.Build.0 = Debug|Any CPU
		{58DCB2BB-B2EE-4765-9CC1-AA7DB43AF6D6}.Release|Any CPU.ActiveCfg = Release|Any CPU
		{58DCB2BB-B2EE-4765-9CC1-AA7DB43AF6D6}.Release|Any CPU.Build.0 = Release|Any CPU
		{FB663C3D-6C2E-4CD1-8AA2-9D9DF1F63134}.Debug|Any CPU.ActiveCfg = Debug|Any CPU
		{FB663C3D-6C2E-4CD1-8AA2-9D9DF1F63134}.Debug|Any CPU.Build.0 = Debug|Any CPU
		{FB663C3D-6C2E-4CD1-8AA2-9D9DF1F63134}.Release|Any CPU.ActiveCfg = Release|Any CPU
		{FB663C3D-6C2E-4CD1-8AA2-9D9DF1F63134}.Release|Any CPU.Build.0 = Release|Any CPU
		{9B2895CC-D53B-49E8-81F2-549FEC89F6C1}.Debug|Any CPU.ActiveCfg = Debug|Any CPU
		{9B2895CC-D53B-49E8-81F2-549FEC89F6C1}.Debug|Any CPU.Build.0 = Debug|Any CPU
		{9B2895CC-D53B-49E8-81F2-549FEC89F6C1}.Release|Any CPU.ActiveCfg = Release|Any CPU
		{9B2895CC-D53B-49E8-81F2-549FEC89F6C1}.Release|Any CPU.Build.0 = Release|Any CPU
		{A33FA6A6-C1B0-4FA8-B24F-DDA9A03A830B}.Debug|Any CPU.ActiveCfg = Debug|Any CPU
		{A33FA6A6-C1B0-4FA8-B24F-DDA9A03A830B}.Debug|Any CPU.Build.0 = Debug|Any CPU
		{A33FA6A6-C1B0-4FA8-B24F-DDA9A03A830B}.Release|Any CPU.ActiveCfg = Release|Any CPU
		{A33FA6A6-C1B0-4FA8-B24F-DDA9A03A830B}.Release|Any CPU.Build.0 = Release|Any CPU
		{468BC7FF-CDC7-4BEB-B3D7-5EBAF6E81CC0}.Debug|Any CPU.ActiveCfg = Debug|Any CPU
		{468BC7FF-CDC7-4BEB-B3D7-5EBAF6E81CC0}.Debug|Any CPU.Build.0 = Debug|Any CPU
		{468BC7FF-CDC7-4BEB-B3D7-5EBAF6E81CC0}.Release|Any CPU.ActiveCfg = Release|Any CPU
		{468BC7FF-CDC7-4BEB-B3D7-5EBAF6E81CC0}.Release|Any CPU.Build.0 = Release|Any CPU
		{D66E4163-37F3-4D7D-A5FA-A0AA30576173}.Debug|Any CPU.ActiveCfg = Debug|Any CPU
		{D66E4163-37F3-4D7D-A5FA-A0AA30576173}.Debug|Any CPU.Build.0 = Debug|Any CPU
		{D66E4163-37F3-4D7D-A5FA-A0AA30576173}.Release|Any CPU.ActiveCfg = Release|Any CPU
		{D66E4163-37F3-4D7D-A5FA-A0AA30576173}.Release|Any CPU.Build.0 = Release|Any CPU
		{E0377BB7-0ED4-4C9C-B595-9E45DEAABCD5}.Debug|Any CPU.ActiveCfg = Debug|Any CPU
		{E0377BB7-0ED4-4C9C-B595-9E45DEAABCD5}.Debug|Any CPU.Build.0 = Debug|Any CPU
		{E0377BB7-0ED4-4C9C-B595-9E45DEAABCD5}.Release|Any CPU.ActiveCfg = Release|Any CPU
		{E0377BB7-0ED4-4C9C-B595-9E45DEAABCD5}.Release|Any CPU.Build.0 = Release|Any CPU
		{40F339C4-9CCA-43D4-88CB-96E8CA979A71}.Debug|Any CPU.ActiveCfg = Debug|Any CPU
		{40F339C4-9CCA-43D4-88CB-96E8CA979A71}.Debug|Any CPU.Build.0 = Debug|Any CPU
		{40F339C4-9CCA-43D4-88CB-96E8CA979A71}.Release|Any CPU.ActiveCfg = Release|Any CPU
		{40F339C4-9CCA-43D4-88CB-96E8CA979A71}.Release|Any CPU.Build.0 = Release|Any CPU
		{5ABF8C59-F245-40C0-B74C-88088C67F64D}.Debug|Any CPU.ActiveCfg = Debug|Any CPU
		{5ABF8C59-F245-40C0-B74C-88088C67F64D}.Debug|Any CPU.Build.0 = Debug|Any CPU
		{5ABF8C59-F245-40C0-B74C-88088C67F64D}.Release|Any CPU.ActiveCfg = Release|Any CPU
		{5ABF8C59-F245-40C0-B74C-88088C67F64D}.Release|Any CPU.Build.0 = Release|Any CPU
		{0887B628-CD51-4977-A7FE-31010BDD4F1A}.Debug|Any CPU.ActiveCfg = Debug|Any CPU
		{0887B628-CD51-4977-A7FE-31010BDD4F1A}.Debug|Any CPU.Build.0 = Debug|Any CPU
		{0887B628-CD51-4977-A7FE-31010BDD4F1A}.Release|Any CPU.ActiveCfg = Release|Any CPU
		{0887B628-CD51-4977-A7FE-31010BDD4F1A}.Release|Any CPU.Build.0 = Release|Any CPU
		{DFACE82B-B8EF-4984-AA3F-FFF799207BEF}.Debug|Any CPU.ActiveCfg = Debug|Any CPU
		{DFACE82B-B8EF-4984-AA3F-FFF799207BEF}.Debug|Any CPU.Build.0 = Debug|Any CPU
		{DFACE82B-B8EF-4984-AA3F-FFF799207BEF}.Release|Any CPU.ActiveCfg = Release|Any CPU
		{DFACE82B-B8EF-4984-AA3F-FFF799207BEF}.Release|Any CPU.Build.0 = Release|Any CPU
		{174D97B7-34A0-4828-9C4E-D2A07F5BC2FC}.Debug|Any CPU.ActiveCfg = Debug|Any CPU
		{174D97B7-34A0-4828-9C4E-D2A07F5BC2FC}.Debug|Any CPU.Build.0 = Debug|Any CPU
		{174D97B7-34A0-4828-9C4E-D2A07F5BC2FC}.Release|Any CPU.ActiveCfg = Release|Any CPU
		{174D97B7-34A0-4828-9C4E-D2A07F5BC2FC}.Release|Any CPU.Build.0 = Release|Any CPU
	EndGlobalSection
	GlobalSection(SolutionProperties) = preSolution
		HideSolutionNode = FALSE
	EndGlobalSection
	GlobalSection(NestedProjects) = preSolution
		{54183AB0-9D40-4897-AB03-7090B1B6E4E5} = {C052B545-549B-46FD-8366-8CD5FBB99C6E}
		{14CB5CB0-459D-46D7-8112-FC2818DE8C15} = {C052B545-549B-46FD-8366-8CD5FBB99C6E}
		{12F18101-BC78-468E-987F-78F3BBD3C522} = {C052B545-549B-46FD-8366-8CD5FBB99C6E}
		{C9FD4379-156A-4389-9E6A-1CBA9E78D4E1} = {E7626643-0782-4ED0-A54C-AA4AAF377B3C}
		{A33FA6A6-C1B0-4FA8-B24F-DDA9A03A830B} = {C052B545-549B-46FD-8366-8CD5FBB99C6E}
		{E0377BB7-0ED4-4C9C-B595-9E45DEAABCD5} = {1122035F-6901-4855-961E-BF606CB9B19D}
		{40F339C4-9CCA-43D4-88CB-96E8CA979A71} = {C052B545-549B-46FD-8366-8CD5FBB99C6E}
		{5ABF8C59-F245-40C0-B74C-88088C67F64D} = {C052B545-549B-46FD-8366-8CD5FBB99C6E}
		{0887B628-CD51-4977-A7FE-31010BDD4F1A} = {E7626643-0782-4ED0-A54C-AA4AAF377B3C}
	EndGlobalSection
EndGlobal
